
Microsoft Visual Studio Solution File, Format Version 12.00
# Visual Studio 15
VisualStudioVersion = 15.0.27130.2010
MinimumVisualStudioVersion = 10.0.40219.1
Project("{FAE04EC0-301F-11D3-BF4B-00C04F79EFBC}") = "Area.Data", "Area.Data\Area.Data.csproj", "{80F8824E-DB0A-4A38-859A-FB323843CED0}"
EndProject
Project("{FAE04EC0-301F-11D3-BF4B-00C04F79EFBC}") = "Area.Web", "Area.Web\Area.Web.csproj", "{432913A0-31C2-4AFE-B33D-029795497865}"
EndProject
Project("{FAE04EC0-301F-11D3-BF4B-00C04F79EFBC}") = "AddUserApp", "AddUserApp\AddUserApp.csproj", "{6F617349-86EC-4F97-BE68-0126B46E9AB4}"
EndProject
Global
	GlobalSection(SolutionConfigurationPlatforms) = preSolution
		Debug|Any CPU = Debug|Any CPU
		Release|Any CPU = Release|Any CPU
	EndGlobalSection
	GlobalSection(ProjectConfigurationPlatforms) = postSolution
		{80F8824E-DB0A-4A38-859A-FB323843CED0}.Debug|Any CPU.ActiveCfg = Debug|Any CPU
		{80F8824E-DB0A-4A38-859A-FB323843CED0}.Debug|Any CPU.Build.0 = Debug|Any CPU
		{80F8824E-DB0A-4A38-859A-FB323843CED0}.Release|Any CPU.ActiveCfg = Release|Any CPU
		{80F8824E-DB0A-4A38-859A-FB323843CED0}.Release|Any CPU.Build.0 = Release|Any CPU
		{432913A0-31C2-4AFE-B33D-029795497865}.Debug|Any CPU.ActiveCfg = Debug|Any CPU
		{432913A0-31C2-4AFE-B33D-029795497865}.Debug|Any CPU.Build.0 = Debug|Any CPU
		{432913A0-31C2-4AFE-B33D-029795497865}.Release|Any CPU.ActiveCfg = Release|Any CPU
		{432913A0-31C2-4AFE-B33D-029795497865}.Release|Any CPU.Build.0 = Release|Any CPU
		{6F617349-86EC-4F97-BE68-0126B46E9AB4}.Debug|Any CPU.ActiveCfg = Debug|Any CPU
		{6F617349-86EC-4F97-BE68-0126B46E9AB4}.Debug|Any CPU.Build.0 = Debug|Any CPU
		{6F617349-86EC-4F97-BE68-0126B46E9AB4}.Release|Any CPU.ActiveCfg = Release|Any CPU
		{6F617349-86EC-4F97-BE68-0126B46E9AB4}.Release|Any CPU.Build.0 = Release|Any CPU
	EndGlobalSection
	GlobalSection(SolutionProperties) = preSolution
		HideSolutionNode = FALSE
	EndGlobalSection
	GlobalSection(ExtensibilityGlobals) = postSolution
		SolutionGuid = {5C288B12-121D-41FA-93F1-975A87C9B987}
	EndGlobalSection
EndGlobal
